hash: 0f12beae6581943387c9cddc4d1e02b41be46c2958e2e137b90d218d6ae7ff5a
updated: 2018-04-17T11:58:40.110680167+08:00
imports:
- name: github.com/arstd/log
  version: 7bc0b1c0d6cba3a2afc05b65a53907d96dc6cfe8
- name: golang.org/x/tools
  version: 94b14834a20132093826ea5e2da5502a13908ad3
  repo: https://github.com/golang/tools
  subpackages:
  - go/ast/astutil
  - imports
  - internal/fastwalk
testImports:
- name: github.com/go-sql-driver/mysql
  version: 3287d94d4c6a48a63e16fffaabf27ab20203af2a
