hash: 982c558fb15a57612ca11403daeb378d67d1a02400f2c8a6f6049bbb71517d0b
updated: 2017-06-10T20:32:37.358275324+08:00
imports:
- name: github.com/arstd/log
  version: 3b70b5527d8a0128e731b98333d42beb754e39c5
- name: github.com/lib/pq
  version: 8837942c3e09574accbc5f150e2c5e057189cace
  subpackages:
  - oid
- name: golang.org/x/tools
  version: e011c1062a41d0e2614279f1dc8cf7f1bf6aaac3
  repo: https://github.com/golang/tools.git
  vcs: git
  subpackages:
  - go/ast/astutil
  - go/buildutil
  - go/loader
  - imports
testImports:
- name: gopkg.in/DATA-DOG/go-sqlmock.v1
  version: b983233bc0bbea4dc6e8ec8c8c923d935765ffec
